<Solution>
  <Folder Name="/Solution Items/">
    <File Path="InitialAdrTechSpecs.md" />
  </Folder>
  <Project Path="MBearsDay.CLI/MBearsDay.CLI.csproj" Id="0efcc5ac-e613-494f-88ec-285d5380b760" />
  <Project Path="MBearsDay.Core/MBearsDay.Core.csproj" />
  <Project Path="MBearsDay.Infrastructure/MBearsDay.Infrastructure.csproj" />
  <Project Path="MBearsDay.Persistence/MBearsDay.Persistence.csproj" />
  <Project Path="MBearsDay.Services/MBearsDay.Services.csproj" />
  <Project Path="MBearsDay.Wroker/MBearsDay.Wroker.csproj" />
</Solution>
